
Microsoft Visual Studio Solution File, Format Version 12.00
# Visual Studio Version 16
VisualStudioVersion = 16.0.30413.136
MinimumVisualStudioVersion = 10.0.40219.1
Project("{FAE04EC0-301F-11D3-BF4B-00C04F79EFBC}") = "newGame", "newGame.csproj", "{B7914FF4-8745-4B37-8040-A93A8CFB6C53}"
EndProject
Global
	GlobalSection(SolutionConfigurationPlatforms) = preSolution
		Debug|Any CPU = Debug|Any CPU
		Release|Any CPU = Release|Any CPU
	EndGlobalSection
	GlobalSection(ProjectConfigurationPlatforms) = postSolution
		{B7914FF4-8745-4B37-8040-A93A8CFB6C53}.Debug|Any CPU.ActiveCfg = Debug|Any CPU
		{B7914FF4-8745-4B37-8040-A93A8CFB6C53}.Debug|Any CPU.Build.0 = Debug|Any CPU
		{B7914FF4-8745-4B37-8040-A93A8CFB6C53}.Release|Any CPU.ActiveCfg = Release|Any CPU
		{B7914FF4-8745-4B37-8040-A93A8CFB6C53}.Release|Any CPU.Build.0 = Release|Any CPU
	EndGlobalSection
	GlobalSection(SolutionProperties) = preSolution
		HideSolutionNode = FALSE
	EndGlobalSection
	GlobalSection(ExtensibilityGlobals) = postSolution
		SolutionGuid = {6D1CD871-E7F6-47EF-8AEA-93B69A723DEB}
	EndGlobalSection
EndGlobal
